
Microsoft Visual Studio Solution File, Format Version 12.00
# Visual Studio Version 17
VisualStudioVersion = 17.10.35122.118
MinimumVisualStudioVersion = 10.0.40219.1
Project("{FAE04EC0-301F-11D3-BF4B-00C04F79EFBC}") = "Poker_Analyzer2", "Poker_Analyzer2.csproj", "{0DEF5F77-CE3E-4521-80A0-700098E73800}"
EndProject
Global
	GlobalSection(SolutionConfigurationPlatforms) = preSolution
		Debug|Any CPU = Debug|Any CPU
		Release|Any CPU = Release|Any CPU
	EndGlobalSection
	GlobalSection(ProjectConfigurationPlatforms) = postSolution
		{0DEF5F77-CE3E-4521-80A0-700098E73800}.Debug|Any CPU.ActiveCfg = Debug|Any CPU
		{0DEF5F77-CE3E-4521-80A0-700098E73800}.Debug|Any CPU.Build.0 = Debug|Any CPU
		{0DEF5F77-CE3E-4521-80A0-700098E73800}.Release|Any CPU.ActiveCfg = Release|Any CPU
		{0DEF5F77-CE3E-4521-80A0-700098E73800}.Release|Any CPU.Build.0 = Release|Any CPU
	EndGlobalSection
	GlobalSection(SolutionProperties) = preSolution
		HideSolutionNode = FALSE
	EndGlobalSection
	GlobalSection(ExtensibilityGlobals) = postSolution
		SolutionGuid = {7D4E8E2C-C022-4468-AB34-981979E24A9F}
	EndGlobalSection
EndGlobal
